
Microsoft Visual Studio Solution File, Format Version 12.00
# Visual Studio Version 16
VisualStudioVersion = 16.0.31019.35
MinimumVisualStudioVersion = 10.0.40219.1
Project("{8BC9CEB8-8B4A-11D0-8D11-00A0C91BC942}") = "ORM2", "ORM2\ORM2.vcxproj", "{3A6B1727-6570-401D-A126-D312651F02A6}"
EndProject
Project("{8BC9CEB8-8B4A-11D0-8D11-00A0C91BC942}") = "Aktuatori", "Aktuatori\Aktuatori.vcxproj", "{622E29BE-76C8-4BEC-8343-D203B0850E1C}"
EndProject
Project("{8BC9CEB8-8B4A-11D0-8D11-00A0C91BC942}") = "Senzori", "Senzori\Senzori.vcxproj", "{790BEBC3-C846-4544-B97F-479B674E7217}"
EndProject
Project("{8BC9CEB8-8B4A-11D0-8D11-00A0C91BC942}") = "Server", "Server\Server.vcxproj", "{DB0CBFDE-B181-4285-BB87-8A9D7EA41647}"
EndProject
Project("{8BC9CEB8-8B4A-11D0-8D11-00A0C91BC942}") = "Client", "Client\Client.vcxproj", "{AA8FD4E2-5534-4A23-A23F-46FEA4F23CDA}"
EndProject
Project("{8BC9CEB8-8B4A-11D0-8D11-00A0C91BC942}") = "Client2", "Client2\Client2.vcxproj", "{01863856-11E0-4DCC-A0CC-4B935DA86A66}"
EndProject
Global
	GlobalSection(SolutionConfigurationPlatforms) = preSolution
		Debug|x64 = Debug|x64
		Debug|x86 = Debug|x86
		Release|x64 = Release|x64
		Release|x86 = Release|x86
	EndGlobalSection
	GlobalSection(ProjectConfigurationPlatforms) = postSolution
		{3A6B1727-6570-401D-A126-D312651F02A6}.Debug|x64.ActiveCfg = Debug|x64
		{3A6B1727-6570-401D-A126-D312651F02A6}.Debug|x64.Build.0 = Debug|x64
		{3A6B1727-6570-401D-A126-D312651F02A6}.Debug|x86.ActiveCfg = Debug|Win32
		{3A6B1727-6570-401D-A126-D312651F02A6}.Debug|x86.Build.0 = Debug|Win32
		{3A6B1727-6570-401D-A126-D312651F02A6}.Release|x64.ActiveCfg = Release|x64
		{3A6B1727-6570-401D-A126-D312651F02A6}.Release|x64.Build.0 = Release|x64
		{3A6B1727-6570-401D-A126-D312651F02A6}.Release|x86.ActiveCfg = Release|Win32
		{3A6B1727-6570-401D-A126-D312651F02A6}.Release|x86.Build.0 = Release|Win32
		{622E29BE-76C8-4BEC-8343-D203B0850E1C}.Debug|x64.ActiveCfg = Debug|x64
		{622E29BE-76C8-4BEC-8343-D203B0850E1C}.Debug|x64.Build.0 = Debug|x64
		{622E29BE-76C8-4BEC-8343-D203B0850E1C}.Debug|x86.ActiveCfg = Debug|Win32
		{622E29BE-76C8-4BEC-8343-D203B0850E1C}.Debug|x86.Build.0 = Debug|Win32
		{622E29BE-76C8-4BEC-8343-D203B0850E1C}.Release|x64.ActiveCfg = Release|x64
		{622E29BE-76C8-4BEC-8343-D203B0850E1C}.Release|x64.Build.0 = Release|x64
		{622E29BE-76C8-4BEC-8343-D203B0850E1C}.Release|x86.ActiveCfg = Release|Win32
		{622E29BE-76C8-4BEC-8343-D203B0850E1C}.Release|x86.Build.0 = Release|Win32
		{790BEBC3-C846-4544-B97F-479B674E7217}.Debug|x64.ActiveCfg = Debug|x64
		{790BEBC3-C846-4544-B97F-479B674E7217}.Debug|x64.Build.0 = Debug|x64
		{790BEBC3-C846-4544-B97F-479B674E7217}.Debug|x86.ActiveCfg = Debug|Win32
		{790BEBC3-C846-4544-B97F-479B674E7217}.Debug|x86.Build.0 = Debug|Win32
		{790BEBC3-C846-4544-B97F-479B674E7217}.Release|x64.ActiveCfg = Release|x64
		{790BEBC3-C846-4544-B97F-479B674E7217}.Release|x64.Build.0 = Release|x64
		{790BEBC3-C846-4544-B97F-479B674E7217}.Release|x86.ActiveCfg = Release|Win32
		{790BEBC3-C846-4544-B97F-479B674E7217}.Release|x86.Build.0 = Release|Win32
		{DB0CBFDE-B181-4285-BB87-8A9D7EA41647}.Debug|x64.ActiveCfg = Debug|x64
		{DB0CBFDE-B181-4285-BB87-8A9D7EA41647}.Debug|x64.Build.0 = Debug|x64
		{DB0CBFDE-B181-4285-BB87-8A9D7EA41647}.Debug|x86.ActiveCfg = Debug|Win32
		{DB0CBFDE-B181-4285-BB87-8A9D7EA41647}.Debug|x86.Build.0 = Debug|Win32
		{DB0CBFDE-B181-4285-BB87-8A9D7EA41647}.Release|x64.ActiveCfg = Release|x64
		{DB0CBFDE-B181-4285-BB87-8A9D7EA41647}.Release|x64.Build.0 = Release|x64
		{DB0CBFDE-B181-4285-BB87-8A9D7EA41647}.Release|x86.ActiveCfg = Release|Win32
		{DB0CBFDE-B181-4285-BB87-8A9D7EA41647}.Release|x86.Build.0 = Release|Win32
		{AA8FD4E2-5534-4A23-A23F-46FEA4F23CDA}.Debug|x64.ActiveCfg = Debug|x64
		{AA8FD4E2-5534-4A23-A23F-46FEA4F23CDA}.Debug|x64.Build.0 = Debug|x64
		{AA8FD4E2-5534-4A23-A23F-46FEA4F23CDA}.Debug|x86.ActiveCfg = Debug|Win32
		{AA8FD4E2-5534-4A23-A23F-46FEA4F23CDA}.Debug|x86.Build.0 = Debug|Win32
		{AA8FD4E2-5534-4A23-A23F-46FEA4F23CDA}.Release|x64.ActiveCfg = Release|x64
		{AA8FD4E2-5534-4A23-A23F-46FEA4F23CDA}.Release|x64.Build.0 = Release|x64
		{AA8FD4E2-5534-4A23-A23F-46FEA4F23CDA}.Release|x86.ActiveCfg = Release|Win32
		{AA8FD4E2-5534-4A23-A23F-46FEA4F23CDA}.Release|x86.Build.0 = Release|Win32
		{01863856-11E0-4DCC-A0CC-4B935DA86A66}.Debug|x64.ActiveCfg = Debug|x64
		{01863856-11E0-4DCC-A0CC-4B935DA86A66}.Debug|x64.Build.0 = Debug|x64
		{01863856-11E0-4DCC-A0CC-4B935DA86A66}.Debug|x86.ActiveCfg = Debug|Win32
		{01863856-11E0-4DCC-A0CC-4B935DA86A66}.Debug|x86.Build.0 = Debug|Win32
		{01863856-11E0-4DCC-A0CC-4B935DA86A66}.Release|x64.ActiveCfg = Release|x64
		{01863856-11E0-4DCC-A0CC-4B935DA86A66}.Release|x64.Build.0 = Release|x64
		{01863856-11E0-4DCC-A0CC-4B935DA86A66}.Release|x86.ActiveCfg = Release|Win32
		{01863856-11E0-4DCC-A0CC-4B935DA86A66}.Release|x86.Build.0 = Release|Win32
	EndGlobalSection
	GlobalSection(SolutionProperties) = preSolution
		HideSolutionNode = FALSE
	EndGlobalSection
	GlobalSection(ExtensibilityGlobals) = postSolution
		SolutionGuid = {BD11F545-6D9D-4104-B12D-CA87176A4BD1}
	EndGlobalSection
EndGlobal
